
Microsoft Visual Studio Solution File, Format Version 12.00
# Visual Studio Version 16
VisualStudioVersion = 16.0.35325.158
MinimumVisualStudioVersion = 10.0.40219.1
Project("{9A19103F-16F7-4668-BE54-9A1E7A4F7556}") = "FiasUpdate", "FiasUpdate.csproj", "{00CE45EB-4FFC-4A88-A206-AC03095DDFB1}"
EndProject
Project("{9A19103F-16F7-4668-BE54-9A1E7A4F7556}") = "FIAS.Core", "..\FIAS.Core\FIAS.Core.csproj", "{D19E5932-4AF0-470A-985A-6892B6479DAB}"
EndProject
Global
	GlobalSection(SolutionConfigurationPlatforms) = preSolution
		Debug|Any CPU = Debug|Any CPU
		Release|Any CPU = Release|Any CPU
	EndGlobalSection
	GlobalSection(ProjectConfigurationPlatforms) = postSolution
		{00CE45EB-4FFC-4A88-A206-AC03095DDFB1}.Debug|Any CPU.ActiveCfg = Debug|Any CPU
		{00CE45EB-4FFC-4A88-A206-AC03095DDFB1}.Debug|Any CPU.Build.0 = Debug|Any CPU
		{00CE45EB-4FFC-4A88-A206-AC03095DDFB1}.Release|Any CPU.ActiveCfg = Release|Any CPU
		{00CE45EB-4FFC-4A88-A206-AC03095DDFB1}.Release|Any CPU.Build.0 = Release|Any CPU
		{D19E5932-4AF0-470A-985A-6892B6479DAB}.Debug|Any CPU.ActiveCfg = Debug|Any CPU
		{D19E5932-4AF0-470A-985A-6892B6479DAB}.Debug|Any CPU.Build.0 = Debug|Any CPU
		{D19E5932-4AF0-470A-985A-6892B6479DAB}.Release|Any CPU.ActiveCfg = Release|Any CPU
		{D19E5932-4AF0-470A-985A-6892B6479DAB}.Release|Any CPU.Build.0 = Release|Any CPU
	EndGlobalSection
	GlobalSection(SolutionProperties) = preSolution
		HideSolutionNode = FALSE
	EndGlobalSection
	GlobalSection(ExtensibilityGlobals) = postSolution
		SolutionGuid = {0716319A-ABEA-4D19-B5B1-EAAD236BCD63}
	EndGlobalSection
EndGlobal
